// !$*UTF8*$!
{
	archiveVersion = 1;
	classes = {
	};
	objectVersion = 56;
	objects = {

/* Begin PBXBuildFile section */
		817A598729F2943700B3344D /* SwiftUICoordinatorApp.swift in Sources */ = {isa = PBXBuildFile; fileRef = 817A598629F2943700B3344D /* SwiftUICoordinatorApp.swift */; };
		817A598B29F2943900B3344D /* Assets.xcassets in Resources */ = {isa = PBXBuildFile; fileRef = 817A598A29F2943900B3344D /* Assets.xcassets */; };
		817A598E29F2943900B3344D /* Preview Assets.xcassets in Resources */ = {isa = PBXBuildFile; fileRef = 817A598D29F2943900B3344D /* Preview Assets.xcassets */; };
		817A599529F2946600B3344D /* Coordinator.swift in Sources */ = {isa = PBXBuildFile; fileRef = 817A599429F2946600B3344D /* Coordinator.swift */; };
		817A599B29F294CC00B3344D /* AppleView.swift in Sources */ = {isa = PBXBuildFile; fileRef = 817A599A29F294CC00B3344D /* AppleView.swift */; };
		817A599D29F294D800B3344D /* OrangeView.swift in Sources */ = {isa = PBXBuildFile; fileRef = 817A599C29F294D800B3344D /* OrangeView.swift */; };
		817A599F29F294E300B3344D /* OliveView.swift in Sources */ = {isa = PBXBuildFile; fileRef = 817A599E29F294E300B3344D /* OliveView.swift */; };
		817A59A129F296BD00B3344D /* CoordinatorView.swift in Sources */ = {isa = PBXBuildFile; fileRef = 817A59A029F296BD00B3344D /* CoordinatorView.swift */; };
		817A59A329F29C3B00B3344D /* PeachView.swift in Sources */ = {isa = PBXBuildFile; fileRef = 817A59A229F29C3B00B3344D /* PeachView.swift */; };
		817A59A529F2AD8B00B3344D /* BananaView.swift in Sources */ = {isa = PBXBuildFile; fileRef = 817A59A429F2AD8B00B3344D /* BananaView.swift */; };
/* End PBXBuildFile section */

/* Begin PBXFileReference section */
		817A598329F2943700B3344D /* SwiftUICoordinator.app */ = {isa = PBXFileReference; explicitFileType = wrapper.application; includeInIndex = 0; path = SwiftUICoordinator.app; sourceTree = BUILT_PRODUCTS_DIR; };
		817A598629F2943700B3344D /* SwiftUICoordinatorApp.swift */ = {isa = PBXFileReference; lastKnownFileType = sourcecode.swift; path = SwiftUICoordinatorApp.swift; sourceTree = "<group>"; };
		817A598A29F2943900B3344D /* Assets.xcassets */ = {isa = PBXFileReference; lastKnownFileType = folder.assetcatalog; path = Assets.xcassets; sourceTree = "<group>"; };
		817A598D29F2943900B3344D /* Preview Assets.xcassets */ = {isa = PBXFileReference; lastKnownFileType = folder.assetcatalog; path = "Preview Assets.xcassets"; sourceTree = "<group>"; };
		817A599429F2946600B3344D /* Coordinator.swift */ = {isa = PBXFileReference; lastKnownFileType = sourcecode.swift; path = Coordinator.swift; sourceTree = "<group>"; };
		817A599A29F294CC00B3344D /* AppleView.swift */ = {isa = PBXFileReference; lastKnownFileType = sourcecode.swift; path = AppleView.swift; sourceTree = "<group>"; };
		817A599C29F294D800B3344D /* OrangeView.swift */ = {isa = PBXFileReference; lastKnownFileType = sourcecode.swift; path = OrangeView.swift; sourceTree = "<group>"; };
		817A599E29F294E300B3344D /* OliveView.swift */ = {isa = PBXFileReference; lastKnownFileType = sourcecode.swift; path = OliveView.swift; sourceTree = "<group>"; };
		817A59A029F296BD00B3344D /* CoordinatorView.swift */ = {isa = PBXFileReference; lastKnownFileType = sourcecode.swift; path = CoordinatorView.swift; sourceTree = "<group>"; };
		817A59A229F29C3B00B3344D /* PeachView.swift */ = {isa = PBXFileReference; lastKnownFileType = sourcecode.swift; path = PeachView.swift; sourceTree = "<group>"; };
		817A59A429F2AD8B00B3344D /* BananaView.swift */ = {isa = PBXFileReference; lastKnownFileType = sourcecode.swift; path = BananaView.swift; sourceTree = "<group>"; };
/* End PBXFileReference section */

/* Begin PBXFrameworksBuildPhase section */
		817A598029F2943700B3344D /* Frameworks */ = {
			isa = PBXFrameworksBuildPhase;
			buildActionMask = 2147483647;
			files = (
			);
			runOnlyForDeploymentPostprocessing = 0;
		};
/* End PBXFrameworksBuildPhase section */

/* Begin PBXGroup section */
		817A597A29F2943700B3344D = {
			isa = PBXGroup;
			children = (
				817A598529F2943700B3344D /* SwiftUICoordinator */,
				817A598429F2943700B3344D /* Products */,
			);
			sourceTree = "<group>";
		};
		817A598429F2943700B3344D /* Products */ = {
			isa = PBXGroup;
			children = (
				817A598329F2943700B3344D /* SwiftUICoordinator.app */,
			);
			name = Products;
			sourceTree = "<group>";
		};
		817A598529F2943700B3344D /* SwiftUICoordinator */ = {
			isa = PBXGroup;
			children = (
				817A599729F2948E00B3344D /* App */,
				817A599629F2948700B3344D /* Views */,
				817A598A29F2943900B3344D /* Assets.xcassets */,
				817A598C29F2943900B3344D /* Preview Content */,
			);
			path = SwiftUICoordinator;
			sourceTree = "<group>";
		};
		817A598C29F2943900B3344D /* Preview Content */ = {
			isa = PBXGroup;
			children = (
				817A598D29F2943900B3344D /* Preview Assets.xcassets */,
			);
			path = "Preview Content";
			sourceTree = "<group>";
		};
		817A599629F2948700B3344D /* Views */ = {
			isa = PBXGroup;
			children = (
				817A599A29F294CC00B3344D /* AppleView.swift */,
				817A599C29F294D800B3344D /* OrangeView.swift */,
				817A599E29F294E300B3344D /* OliveView.swift */,
				817A59A029F296BD00B3344D /* CoordinatorView.swift */,
				817A59A229F29C3B00B3344D /* PeachView.swift */,
				817A59A429F2AD8B00B3344D /* BananaView.swift */,
			);
			path = Views;
			sourceTree = "<group>";
		};
		817A599729F2948E00B3344D /* App */ = {
			isa = PBXGroup;
			children = (
				817A598629F2943700B3344D /* SwiftUICoordinatorApp.swift */,
				817A599429F2946600B3344D /* Coordinator.swift */,
			);
			path = App;
			sourceTree = "<group>";
		};
/* End PBXGroup section */

/* Begin PBXNativeTarget section */
		817A598229F2943700B3344D /* SwiftUICoordinator */ = {
			isa = PBXNativeTarget;
			buildConfigurationList = 817A599129F2943900B3344D /* Build configuration list for PBXNativeTarget "SwiftUICoordinator" */;
			buildPhases = (
				817A597F29F2943700B3344D /* Sources */,
				817A598029F2943700B3344D /* Frameworks */,
				817A598129F2943700B3344D /* Resources */,
			);
			buildRules = (
			);
			dependencies = (
			);
			name = SwiftUICoordinator;
			productName = SwiftUICoordinator;
			productReference = 817A598329F2943700B3344D /* SwiftUICoordinator.app */;
			productType = "com.apple.product-type.application";
		};
/* End PBXNativeTarget section */

/* Begin PBXProject section */
		817A597B29F2943700B3344D /* Project object */ = {
			isa = PBXProject;
			attributes = {
				BuildIndependentTargetsInParallel = 1;
				LastSwiftUpdateCheck = 1400;
				LastUpgradeCheck = 1400;
				TargetAttributes = {
					817A598229F2943700B3344D = {
						CreatedOnToolsVersion = 14.0;
					};
				};
			};
			buildConfigurationList = 817A597E29F2943700B3344D /* Build configuration list for PBXProject "SwiftUICoordinator" */;
			compatibilityVersion = "Xcode 14.0";
			developmentRegion = en;
			hasScannedForEncodings = 0;
			knownRegions = (
				en,
				Base,
			);
			mainGroup = 817A597A29F2943700B3344D;
			productRefGroup = 817A598429F2943700B3344D /* Products */;
			projectDirPath = "";
			projectRoot = "";
			targets = (
				817A598229F2943700B3344D /* SwiftUICoordinator */,
			);
		};
/* End PBXProject section */

/* Begin PBXResourcesBuildPhase section */
		817A598129F2943700B3344D /* Resources */ = {
			isa = PBXResourcesBuildPhase;
			buildActionMask = 2147483647;
			files = (
				817A598E29F2943900B3344D /* Preview Assets.xcassets in Resources */,
				817A598B29F2943900B3344D /* Assets.xcassets in Resources */,
			);
			runOnlyForDeploymentPostprocessing = 0;
		};
/* End PBXResourcesBuildPhase section */

/* Begin PBXSourcesBuildPhase section */
		817A597F29F2943700B3344D /* Sources */ = {
			isa = PBXSourcesBuildPhase;
			buildActionMask = 2147483647;
			files = (
				817A599D29F294D800B3344D /* OrangeView.swift in Sources */,
				817A59A329F29C3B00B3344D /* PeachView.swift in Sources */,
				817A59A129F296BD00B3344D /* CoordinatorView.swift in Sources */,
				817A599F29F294E300B3344D /* OliveView.swift in Sources */,
				817A598729F2943700B3344D /* SwiftUICoordinatorApp.swift in Sources */,
				817A599529F2946600B3344D /* Coordinator.swift in Sources */,
				817A599B29F294CC00B3344D /* AppleView.swift in Sources */,
				817A59A529F2AD8B00B3344D /* BananaView.swift in Sources */,
			);
			runOnlyForDeploymentPostprocessing = 0;
		};
/* End PBXSourcesBuildPhase section */

/* Begin XCBuildConfiguration section */
		817A598F29F2943900B3344D /* Debug */ = {
			isa = XCBuildConfiguration;
			buildSettings = {
				ALWAYS_SEARCH_USER_PATHS = NO;
				CLANG_ANALYZER_NONNULL = YES;
				CLANG_ANALYZER_NUMBER_OBJECT_CONVERSION = YES_AGGRESSIVE;
				CLANG_CXX_LANGUAGE_STANDARD = "gnu++20";
				CLANG_ENABLE_MODULES = YES;
				CLANG_ENABLE_OBJC_ARC = YES;
				CLANG_ENABLE_OBJC_WEAK = YES;
				CLANG_WARN_BLOCK_CAPTURE_AUTORELEASING = YES;
				CLANG_WARN_BOOL_CONVERSION = YES;
				CLANG_WARN_COMMA = YES;
				CLANG_WARN_CONSTANT_CONVERSION = YES;
				CLANG_WARN_DEPRECATED_OBJC_IMPLEMENTATIONS = YES;
				CLANG_WARN_DIRECT_OBJC_ISA_USAGE = YES_ERROR;
				CLANG_WARN_DOCUMENTATION_COMMENTS = YES;
				CLANG_WARN_EMPTY_BODY = YES;
				CLANG_WARN_ENUM_CONVERSION = YES;
				CLANG_WARN_INFINITE_RECURSION = YES;
				CLANG_WARN_INT_CONVERSION = YES;
				CLANG_WARN_NON_LITERAL_NULL_CONVERSION = YES;
				CLANG_WARN_OBJC_IMPLICIT_RETAIN_SELF = YES;
				CLANG_WARN_OBJC_LITERAL_CONVERSION = YES;
				CLANG_WARN_OBJC_ROOT_CLASS = YES_ERROR;
				CLANG_WARN_QUOTED_INCLUDE_IN_FRAMEWORK_HEADER = YES;
				CLANG_WARN_RANGE_LOOP_ANALYSIS = YES;
				CLANG_WARN_STRICT_PROTOTYPES = YES;
				CLANG_WARN_SUSPICIOUS_MOVE = YES;
				CLANG_WARN_UNGUARDED_AVAILABILITY = YES_AGGRESSIVE;
				CLANG_WARN_UNREACHABLE_CODE = YES;
				CLANG_WARN__DUPLICATE_METHOD_MATCH = YES;
				COPY_PHASE_STRIP = NO;
				DEBUG_INFORMATION_FORMAT = dwarf;
				ENABLE_STRICT_OBJC_MSGSEND = YES;
				ENABLE_TESTABILITY = YES;
				GCC_C_LANGUAGE_STANDARD = gnu11;
				GCC_DYNAMIC_NO_PIC = NO;
				GCC_NO_COMMON_BLOCKS = YES;
				GCC_OPTIMIZATION_LEVEL = 0;
				GCC_PREPROCESSOR_DEFINITIONS = (
					"DEBUG=1",
					"$(inherited)",
				);
				GCC_WARN_64_TO_32_BIT_CONVERSION = YES;
				GCC_WARN_ABOUT_RETURN_TYPE = YES_ERROR;
				GCC_WARN_UNDECLARED_SELECTOR = YES;
				GCC_WARN_UNINITIALIZED_AUTOS = YES_AGGRESSIVE;
				GCC_WARN_UNUSED_FUNCTION = YES;
				GCC_WARN_UNUSED_VARIABLE = YES;
				IPHONEOS_DEPLOYMENT_TARGET = 16.0;
				MTL_ENABLE_DEBUG_INFO = INCLUDE_SOURCE;
				MTL_FAST_MATH = YES;
				ONLY_ACTIVE_ARCH = YES;
				SDKROOT = iphoneos;
				SWIFT_ACTIVE_COMPILATION_CONDITIONS = DEBUG;
				SWIFT_OPTIMIZATION_LEVEL = "-Onone";
			};
			name = Debug;
		};
		817A599029F2943900B3344D /* Release */ = {
			isa = XCBuildConfiguration;
			buildSettings = {
				ALWAYS_SEARCH_USER_PATHS = NO;
				CLANG_ANALYZER_NONNULL = YES;
				CLANG_ANALYZER_NUMBER_OBJECT_CONVERSION = YES_AGGRESSIVE;
				CLANG_CXX_LANGUAGE_STANDARD = "gnu++20";
				CLANG_ENABLE_MODULES = YES;
				CLANG_ENABLE_OBJC_ARC = YES;
				CLANG_ENABLE_OBJC_WEAK = YES;
				CLANG_WARN_BLOCK_CAPTURE_AUTORELEASING = YES;
				CLANG_WARN_BOOL_CONVERSION = YES;
				CLANG_WARN_COMMA = YES;
				CLANG_WARN_CONSTANT_CONVERSION = YES;
				CLANG_WARN_DEPRECATED_OBJC_IMPLEMENTATIONS = YES;
				CLANG_WARN_DIRECT_OBJC_ISA_USAGE = YES_ERROR;
				CLANG_WARN_DOCUMENTATION_COMMENTS = YES;
				CLANG_WARN_EMPTY_BODY = YES;
				CLANG_WARN_ENUM_CONVERSION = YES;
				CLANG_WARN_INFINITE_RECURSION = YES;
				CLANG_WARN_INT_CONVERSION = YES;
				CLANG_WARN_NON_LITERAL_NULL_CONVERSION = YES;
				CLANG_WARN_OBJC_IMPLICIT_RETAIN_SELF = YES;
				CLANG_WARN_OBJC_LITERAL_CONVERSION = YES;
				CLANG_WARN_OBJC_ROOT_CLASS = YES_ERROR;
				CLANG_WARN_QUOTED_INCLUDE_IN_FRAMEWORK_HEADER = YES;
				CLANG_WARN_RANGE_LOOP_ANALYSIS = YES;
				CLANG_WARN_STRICT_PROTOTYPES = YES;
				CLANG_WARN_SUSPICIOUS_MOVE = YES;
				CLANG_WARN_UNGUARDED_AVAILABILITY = YES_AGGRESSIVE;
				CLANG_WARN_UNREACHABLE_CODE = YES;
				CLANG_WARN__DUPLICATE_METHOD_MATCH = YES;
				COPY_PHASE_STRIP = NO;
				DEBUG_INFORMATION_FORMAT = "dwarf-with-dsym";
				ENABLE_NS_ASSERTIONS = NO;
				ENABLE_STRICT_OBJC_MSGSEND = YES;
				GCC_C_LANGUAGE_STANDARD = gnu11;
				GCC_NO_COMMON_BLOCKS = YES;
				GCC_WARN_64_TO_32_BIT_CONVERSION = YES;
				GCC_WARN_ABOUT_RETURN_TYPE = YES_ERROR;
				GCC_WARN_UNDECLARED_SELECTOR = YES;
				GCC_WARN_UNINITIALIZED_AUTOS = YES_AGGRESSIVE;
				GCC_WARN_UNUSED_FUNCTION = YES;
				GCC_WARN_UNUSED_VARIABLE = YES;
				IPHONEOS_DEPLOYMENT_TARGET = 16.0;
				MTL_ENABLE_DEBUG_INFO = NO;
				MTL_FAST_MATH = YES;
				SDKROOT = iphoneos;
				SWIFT_COMPILATION_MODE = wholemodule;
				SWIFT_OPTIMIZATION_LEVEL = "-O";
				VALIDATE_PRODUCT = YES;
			};
			name = Release;
		};
		817A599229F2943900B3344D /* Debug */ = {
			isa = XCBuildConfiguration;
			buildSettings = {
				ASSETCATALOG_COMPILER_APPICON_NAME = AppIcon;
				ASSETCATALOG_COMPILER_GLOBAL_ACCENT_COLOR_NAME = AccentColor;
				CODE_SIGN_STYLE = Automatic;
				CURRENT_PROJECT_VERSION = 1;
				DEVELOPMENT_ASSET_PATHS = "\"SwiftUICoordinator/Preview Content\"";
				DEVELOPMENT_TEAM = A8M34T2YF3;
				ENABLE_PREVIEWS = YES;
				GENERATE_INFOPLIST_FILE = YES;
				INFOPLIST_KEY_UIApplicationSceneManifest_Generation = YES;
				INFOPLIST_KEY_UIApplicationSupportsIndirectInputEvents = YES;
				INFOPLIST_KEY_UILaunchScreen_Generation = YES;
				INFOPLIST_KEY_UISupportedInterfaceOrientations_iPad = "UIInterfaceOrientationPortrait UIInterfaceOrientationPortraitUpsideDown UIInterfaceOrientationLandscapeLeft UIInterfaceOrientationLandscapeRight";
				INFOPLIST_KEY_UISupportedInterfaceOrientations_iPhone = "UIInterfaceOrientationPortrait UIInterfaceOrientationLandscapeLeft UIInterfaceOrientationLandscapeRight";
				LD_RUNPATH_SEARCH_PATHS = (
					"$(inherited)",
					"@executable_path/Frameworks",
				);
				MARKETING_VERSION = 1.0;
				PRODUCT_BUNDLE_IDENTIFIER = com.tharindu.SwiftUICoordinator;
				PRODUCT_NAME = "$(TARGET_NAME)";
				SWIFT_EMIT_LOC_STRINGS = YES;
				SWIFT_VERSION = 5.0;
				TARGETED_DEVICE_FAMILY = "1,2";
			};
			name = Debug;
		};
		817A599329F2943900B3344D /* Release */ = {
			isa = XCBuildConfiguration;
			buildSettings = {
				ASSETCATALOG_COMPILER_APPICON_NAME = AppIcon;
				ASSETCATALOG_COMPILER_GLOBAL_ACCENT_COLOR_NAME = AccentColor;
				CODE_SIGN_STYLE = Automatic;
				CURRENT_PROJECT_VERSION = 1;
				DEVELOPMENT_ASSET_PATHS = "\"SwiftUICoordinator/Preview Content\"";
				DEVELOPMENT_TEAM = A8M34T2YF3;
				ENABLE_PREVIEWS = YES;
				GENERATE_INFOPLIST_FILE = YES;
				INFOPLIST_KEY_UIApplicationSceneManifest_Generation = YES;
				INFOPLIST_KEY_UIApplicationSupportsIndirectInputEvents = YES;
				INFOPLIST_KEY_UILaunchScreen_Generation = YES;
				INFOPLIST_KEY_UISupportedInterfaceOrientations_iPad = "UIInterfaceOrientationPortrait UIInterfaceOrientationPortraitUpsideDown UIInterfaceOrientationLandscapeLeft UIInterfaceOrientationLandscapeRight";
				INFOPLIST_KEY_UISupportedInterfaceOrientations_iPhone = "UIInterfaceOrientationPortrait UIInterfaceOrientationLandscapeLeft UIInterfaceOrientationLandscapeRight";
				LD_RUNPATH_SEARCH_PATHS = (
					"$(inherited)",
					"@executable_path/Frameworks",
				);
				MARKETING_VERSION = 1.0;
				PRODUCT_BUNDLE_IDENTIFIER = com.tharindu.SwiftUICoordinator;
				PRODUCT_NAME = "$(TARGET_NAME)";
				SWIFT_EMIT_LOC_STRINGS = YES;
				SWIFT_VERSION = 5.0;
				TARGETED_DEVICE_FAMILY = "1,2";
			};
			name = Release;
		};
/* End XCBuildConfiguration section */

/* Begin XCConfigurationList section */
		817A597E29F2943700B3344D /* Build configuration list for PBXProject "SwiftUICoordinator" */ = {
			isa = XCConfigurationList;
			buildConfigurations = (
				817A598F29F2943900B3344D /* Debug */,
				817A599029F2943900B3344D /* Release */,
			);
			defaultConfigurationIsVisible = 0;
			defaultConfigurationName = Release;
		};
		817A599129F2943900B3344D /* Build configuration list for PBXNativeTarget "SwiftUICoordinator" */ = {
			isa = XCConfigurationList;
			buildConfigurations = (
				817A599229F2943900B3344D /* Debug */,
				817A599329F2943900B3344D /* Release */,
			);
			defaultConfigurationIsVisible = 0;
			defaultConfigurationName = Release;
		};
/* End XCConfigurationList section */
	};
	rootObject = 817A597B29F2943700B3344D /* Project object */;
}
